
Microsoft Visual Studio Solution File, Format Version 12.00
# Visual Studio 15
VisualStudioVersion = 15.0.25928.0
MinimumVisualStudioVersion = 10.0.40219.1
Project("{FAE04EC0-301F-11D3-BF4B-00C04F79EFBC}") = "dmweis.ASC", "dmweis.ASC\dmweis.ASC.csproj", "{C9073989-DB01-4C73-AAA3-9E0B67926B58}"
EndProject
Project("{FAE04EC0-301F-11D3-BF4B-00C04F79EFBC}") = "dmweis.ASC.Connector", "dmweis.ASC.Connector\dmweis.ASC.Connector.csproj", "{248E7742-4733-4745-9C3C-1B48ADFD9056}"
EndProject
Project("{FAE04EC0-301F-11D3-BF4B-00C04F79EFBC}") = "dmweis.ASC.ScriptExecuter", "dmweis.ASC.ScriptExecuter\dmweis.ASC.ScriptExecuter.csproj", "{3381653A-07FF-4D00-860E-AF1C0ECB90B4}"
EndProject
Project("{FAE04EC0-301F-11D3-BF4B-00C04F79EFBC}") = "dmweis.ASC.ArmController", "dmweis.ASC.ArmController\dmweis.ASC.ArmController.csproj", "{B4909272-6D12-4256-9F2D-B80C5A9276D7}"
EndProject
Global
	GlobalSection(SolutionConfigurationPlatforms) = preSolution
		Debug|Any CPU = Debug|Any CPU
		Release|Any CPU = Release|Any CPU
	EndGlobalSection
	GlobalSection(ProjectConfigurationPlatforms) = postSolution
		{C9073989-DB01-4C73-AAA3-9E0B67926B58}.Debug|Any CPU.ActiveCfg = Debug|Any CPU
		{C9073989-DB01-4C73-AAA3-9E0B67926B58}.Debug|Any CPU.Build.0 = Debug|Any CPU
		{C9073989-DB01-4C73-AAA3-9E0B67926B58}.Release|Any CPU.ActiveCfg = Release|Any CPU
		{C9073989-DB01-4C73-AAA3-9E0B67926B58}.Release|Any CPU.Build.0 = Release|Any CPU
		{248E7742-4733-4745-9C3C-1B48ADFD9056}.Debug|Any CPU.ActiveCfg = Debug|Any CPU
		{248E7742-4733-4745-9C3C-1B48ADFD9056}.Debug|Any CPU.Build.0 = Debug|Any CPU
		{248E7742-4733-4745-9C3C-1B48ADFD9056}.Release|Any CPU.ActiveCfg = Release|Any CPU
		{248E7742-4733-4745-9C3C-1B48ADFD9056}.Release|Any CPU.Build.0 = Release|Any CPU
		{3381653A-07FF-4D00-860E-AF1C0ECB90B4}.Debug|Any CPU.ActiveCfg = Debug|Any CPU
		{3381653A-07FF-4D00-860E-AF1C0ECB90B4}.Debug|Any CPU.Build.0 = Debug|Any CPU
		{3381653A-07FF-4D00-860E-AF1C0ECB90B4}.Release|Any CPU.ActiveCfg = Release|Any CPU
		{3381653A-07FF-4D00-860E-AF1C0ECB90B4}.Release|Any CPU.Build.0 = Release|Any CPU
		{B4909272-6D12-4256-9F2D-B80C5A9276D7}.Debug|Any CPU.ActiveCfg = Debug|Any CPU
		{B4909272-6D12-4256-9F2D-B80C5A9276D7}.Debug|Any CPU.Build.0 = Debug|Any CPU
		{B4909272-6D12-4256-9F2D-B80C5A9276D7}.Release|Any CPU.ActiveCfg = Release|Any CPU
		{B4909272-6D12-4256-9F2D-B80C5A9276D7}.Release|Any CPU.Build.0 = Release|Any CPU
	EndGlobalSection
	GlobalSection(SolutionProperties) = preSolution
		HideSolutionNode = FALSE
	EndGlobalSection
EndGlobal
